
Microsoft Visual Studio Solution File, Format Version 12.00
# Visual Studio Version 17
VisualStudioVersion = 17.14.36221.1 d17.14
MinimumVisualStudioVersion = 10.0.40219.1
Project("{FAE04EC0-301F-11D3-BF4B-00C04F79EFBC}") = "API", "API\API.csproj", "{7E878ED3-9559-476B-93FE-F23C243B29F4}"
EndProject
Global
	GlobalSection(SolutionConfigurationPlatforms) = preSolution
		Debug|Any CPU = Debug|Any CPU
		Release|Any CPU = Release|Any CPU
	EndGlobalSection
	GlobalSection(ProjectConfigurationPlatforms) = postSolution
		{7E878ED3-9559-476B-93FE-F23C243B29F4}.Debug|Any CPU.ActiveCfg = Debug|Any CPU
		{7E878ED3-9559-476B-93FE-F23C243B29F4}.Debug|Any CPU.Build.0 = Debug|Any CPU
		{7E878ED3-9559-476B-93FE-F23C243B29F4}.Release|Any CPU.ActiveCfg = Release|Any CPU
		{7E878ED3-9559-476B-93FE-F23C243B29F4}.Release|Any CPU.Build.0 = Release|Any CPU
	EndGlobalSection
	GlobalSection(SolutionProperties) = preSolution
		HideSolutionNode = FALSE
	EndGlobalSection
	GlobalSection(ExtensibilityGlobals) = postSolution
		SolutionGuid = {B44E6F98-584E-4D12-AC75-DBC8785F7573}
	EndGlobalSection
EndGlobal
